
Microsoft Visual Studio Solution File, Format Version 12.00
# Visual Studio Version 17
VisualStudioVersion = 17.11.35327.3
MinimumVisualStudioVersion = 10.0.40219.1
Project("{FAE04EC0-301F-11D3-BF4B-00C04F79EFBC}") = "BesTransactions", "BesTransactions\BesTransactions.csproj", "{19379C61-719B-47A2-B479-C4741E71F6F9}"
EndProject
Project("{FAE04EC0-301F-11D3-BF4B-00C04F79EFBC}") = "Logs2Db.App", "Logs2Db.App\Logs2Db.App.csproj", "{584B93EE-9FF6-42B4-A77E-51F97373E705}"
EndProject
Project("{FAE04EC0-301F-11D3-BF4B-00C04F79EFBC}") = "LogStatTool", "LogStatTool\LogStatTool.csproj", "{E9289B26-15FA-426E-B388-73F1A1C1A088}"
EndProject
Project("{FAE04EC0-301F-11D3-BF4B-00C04F79EFBC}") = "LogsProcessingCore", "LogsProcessingCore\LogsProcessingCore.csproj", "{A5FBC918-DE9D-4980-8A9F-D10F4529A1F4}"
EndProject
Project("{FAE04EC0-301F-11D3-BF4B-00C04F79EFBC}") = "CCSS_DSP_LogsParser", "CCSS_DSP_LogsParser\CCSS_DSP_LogsParser.csproj", "{8EF31E30-DD3A-49BF-8F52-154191703B9C}"
EndProject
Project("{FAE04EC0-301F-11D3-BF4B-00C04F79EFBC}") = "ZipArchiveCleaner", "ZipCleaner\ZipArchiveCleaner.csproj", "{CA88C965-3F47-45C2-81E2-AA092C86C336}"
EndProject
Global
	GlobalSection(SolutionConfigurationPlatforms) = preSolution
		Debug|Any CPU = Debug|Any CPU
		Release|Any CPU = Release|Any CPU
	EndGlobalSection
	GlobalSection(ProjectConfigurationPlatforms) = postSolution
		{19379C61-719B-47A2-B479-C4741E71F6F9}.Debug|Any CPU.ActiveCfg = Debug|Any CPU
		{19379C61-719B-47A2-B479-C4741E71F6F9}.Debug|Any CPU.Build.0 = Debug|Any CPU
		{19379C61-719B-47A2-B479-C4741E71F6F9}.Release|Any CPU.ActiveCfg = Release|Any CPU
		{19379C61-719B-47A2-B479-C4741E71F6F9}.Release|Any CPU.Build.0 = Release|Any CPU
		{584B93EE-9FF6-42B4-A77E-51F97373E705}.Debug|Any CPU.ActiveCfg = Debug|Any CPU
		{584B93EE-9FF6-42B4-A77E-51F97373E705}.Debug|Any CPU.Build.0 = Debug|Any CPU
		{584B93EE-9FF6-42B4-A77E-51F97373E705}.Release|Any CPU.ActiveCfg = Release|Any CPU
		{584B93EE-9FF6-42B4-A77E-51F97373E705}.Release|Any CPU.Build.0 = Release|Any CPU
		{E9289B26-15FA-426E-B388-73F1A1C1A088}.Debug|Any CPU.ActiveCfg = Debug|Any CPU
		{E9289B26-15FA-426E-B388-73F1A1C1A088}.Debug|Any CPU.Build.0 = Debug|Any CPU
		{E9289B26-15FA-426E-B388-73F1A1C1A088}.Release|Any CPU.ActiveCfg = Release|Any CPU
		{E9289B26-15FA-426E-B388-73F1A1C1A088}.Release|Any CPU.Build.0 = Release|Any CPU
		{A5FBC918-DE9D-4980-8A9F-D10F4529A1F4}.Debug|Any CPU.ActiveCfg = Debug|Any CPU
		{A5FBC918-DE9D-4980-8A9F-D10F4529A1F4}.Debug|Any CPU.Build.0 = Debug|Any CPU
		{A5FBC918-DE9D-4980-8A9F-D10F4529A1F4}.Release|Any CPU.ActiveCfg = Release|Any CPU
		{A5FBC918-DE9D-4980-8A9F-D10F4529A1F4}.Release|Any CPU.Build.0 = Release|Any CPU
		{8EF31E30-DD3A-49BF-8F52-154191703B9C}.Debug|Any CPU.ActiveCfg = Debug|Any CPU
		{8EF31E30-DD3A-49BF-8F52-154191703B9C}.Debug|Any CPU.Build.0 = Debug|Any CPU
		{8EF31E30-DD3A-49BF-8F52-154191703B9C}.Release|Any CPU.ActiveCfg = Release|Any CPU
		{8EF31E30-DD3A-49BF-8F52-154191703B9C}.Release|Any CPU.Build.0 = Release|Any CPU
		{CA88C965-3F47-45C2-81E2-AA092C86C336}.Debug|Any CPU.ActiveCfg = Debug|Any CPU
		{CA88C965-3F47-45C2-81E2-AA092C86C336}.Debug|Any CPU.Build.0 = Debug|Any CPU
		{CA88C965-3F47-45C2-81E2-AA092C86C336}.Release|Any CPU.ActiveCfg = Release|Any CPU
		{CA88C965-3F47-45C2-81E2-AA092C86C336}.Release|Any CPU.Build.0 = Release|Any CPU
	EndGlobalSection
	GlobalSection(SolutionProperties) = preSolution
		HideSolutionNode = FALSE
	EndGlobalSection
	GlobalSection(ExtensibilityGlobals) = postSolution
		SolutionGuid = {252A8347-0053-48CB-A1F2-52C42985FF73}
	EndGlobalSection
EndGlobal
